
Microsoft Visual Studio Solution File, Format Version 12.00
# Visual Studio Version 17
VisualStudioVersion = 17.4.33403.182
MinimumVisualStudioVersion = 10.0.40219.1
Project("{FAE04EC0-301F-11D3-BF4B-00C04F79EFBC}") = "MyTimeAway", "MyTimeAway.csproj", "{59665F45-FCF0-4CBC-8603-451668FAEE36}"
EndProject
Project("{FAE04EC0-301F-11D3-BF4B-00C04F79EFBC}") = "MyTimeAway.BusinessLayer", "..\MyTimeAway.BusinessLayer\MyTimeAway.BusinessLayer.csproj", "{C7BB86E8-952C-4407-8859-1D91283F57BD}"
EndProject
Project("{FAE04EC0-301F-11D3-BF4B-00C04F79EFBC}") = "MyTimeAway.DataLayer", "..\MyTimeAway.DataLayer\MyTimeAway.DataLayer.csproj", "{1FEBB493-4B7E-4098-8678-5840D1615761}"
EndProject
Project("{FAE04EC0-301F-11D3-BF4B-00C04F79EFBC}") = "MyTimeAway.Entities", "..\MyTimeAway.Entities\MyTimeAway.Entities.csproj", "{AC608F78-1626-40C4-86D5-B98050D57CEE}"
EndProject
Project("{FAE04EC0-301F-11D3-BF4B-00C04F79EFBC}") = "MyTimeAway.Tests", "..\MyTimeAway.Tests\MyTimeAway.Tests.csproj", "{6045DA87-3857-47ED-9512-86CC10D7A25B}"
EndProject
Global
	GlobalSection(SolutionConfigurationPlatforms) = preSolution
		Debug|Any CPU = Debug|Any CPU
		Release|Any CPU = Release|Any CPU
	EndGlobalSection
	GlobalSection(ProjectConfigurationPlatforms) = postSolution
		{59665F45-FCF0-4CBC-8603-451668FAEE36}.Debug|Any CPU.ActiveCfg = Debug|Any CPU
		{59665F45-FCF0-4CBC-8603-451668FAEE36}.Debug|Any CPU.Build.0 = Debug|Any CPU
		{59665F45-FCF0-4CBC-8603-451668FAEE36}.Release|Any CPU.ActiveCfg = Release|Any CPU
		{59665F45-FCF0-4CBC-8603-451668FAEE36}.Release|Any CPU.Build.0 = Release|Any CPU
		{C7BB86E8-952C-4407-8859-1D91283F57BD}.Debug|Any CPU.ActiveCfg = Debug|Any CPU
		{C7BB86E8-952C-4407-8859-1D91283F57BD}.Debug|Any CPU.Build.0 = Debug|Any CPU
		{C7BB86E8-952C-4407-8859-1D91283F57BD}.Release|Any CPU.ActiveCfg = Release|Any CPU
		{C7BB86E8-952C-4407-8859-1D91283F57BD}.Release|Any CPU.Build.0 = Release|Any CPU
		{1FEBB493-4B7E-4098-8678-5840D1615761}.Debug|Any CPU.ActiveCfg = Debug|Any CPU
		{1FEBB493-4B7E-4098-8678-5840D1615761}.Debug|Any CPU.Build.0 = Debug|Any CPU
		{1FEBB493-4B7E-4098-8678-5840D1615761}.Release|Any CPU.ActiveCfg = Release|Any CPU
		{1FEBB493-4B7E-4098-8678-5840D1615761}.Release|Any CPU.Build.0 = Release|Any CPU
		{AC608F78-1626-40C4-86D5-B98050D57CEE}.Debug|Any CPU.ActiveCfg = Debug|Any CPU
		{AC608F78-1626-40C4-86D5-B98050D57CEE}.Debug|Any CPU.Build.0 = Debug|Any CPU
		{AC608F78-1626-40C4-86D5-B98050D57CEE}.Release|Any CPU.ActiveCfg = Release|Any CPU
		{AC608F78-1626-40C4-86D5-B98050D57CEE}.Release|Any CPU.Build.0 = Release|Any CPU
		{6045DA87-3857-47ED-9512-86CC10D7A25B}.Debug|Any CPU.ActiveCfg = Debug|Any CPU
		{6045DA87-3857-47ED-9512-86CC10D7A25B}.Debug|Any CPU.Build.0 = Debug|Any CPU
		{6045DA87-3857-47ED-9512-86CC10D7A25B}.Release|Any CPU.ActiveCfg = Release|Any CPU
		{6045DA87-3857-47ED-9512-86CC10D7A25B}.Release|Any CPU.Build.0 = Release|Any CPU
	EndGlobalSection
	GlobalSection(SolutionProperties) = preSolution
		HideSolutionNode = FALSE
	EndGlobalSection
	GlobalSection(ExtensibilityGlobals) = postSolution
		SolutionGuid = {3CC5A395-3B7E-45D1-9653-C689D8822113}
	EndGlobalSection
EndGlobal
